
Microsoft Visual Studio Solution File, Format Version 12.00
# Visual Studio 2013
VisualStudioVersion = 12.0.21005.1
MinimumVisualStudioVersion = 10.0.40219.1
Project("{FAE04EC0-301F-11D3-BF4B-00C04F79EFBC}") = "GrowDT", "GrowDT\GrowDT.csproj", "{68C19E2E-7199-498F-8709-BDAEBFADB7EE}"
EndProject
Project("{FAE04EC0-301F-11D3-BF4B-00C04F79EFBC}") = "GrowDT.EntityFramework", "GrowDT.EntityFramework\GrowDT.EntityFramework.csproj", "{2F7AE001-D45F-4643-A782-206D7E37A8FE}"
EndProject
Project("{FAE04EC0-301F-11D3-BF4B-00C04F79EFBC}") = "GrowDT.MvcHelper", "GrowDT.MvcHelper\GrowDT.MvcHelper.csproj", "{9BAA4AC5-A708-42E1-B48A-4F6775634092}"
EndProject
Project("{FAE04EC0-301F-11D3-BF4B-00C04F79EFBC}") = "GrowDT.UnityInject", "GrowDT.UnityInject\GrowDT.UnityInject.csproj", "{A8B73D82-F5C4-43F0-9543-466B0D3D91E7}"
EndProject
Project("{FAE04EC0-301F-11D3-BF4B-00C04F79EFBC}") = "GrowDT.Models", "GrowDT.Models\GrowDT.Models.csproj", "{D50D0EC1-9B7F-4D61-9A76-6D8D112AF6E6}"
EndProject
Project("{FAE04EC0-301F-11D3-BF4B-00C04F79EFBC}") = "GrowDT.Repositories", "GrowDT.Repositories\GrowDT.Repositories.csproj", "{3283BAB7-78AD-49C3-8793-D4F95FF322D0}"
EndProject
Project("{2150E333-8FDC-42A3-9474-1A3956D46DE8}") = "1.Infrastructure", "1.Infrastructure", "{087DF7C1-7BE1-4C6C-AD15-1DBC40F3CCEB}"
EndProject
Project("{FAE04EC0-301F-11D3-BF4B-00C04F79EFBC}") = "GrowDT.Services", "GrowDT.Services\GrowDT.Services.csproj", "{AA69D186-C0A0-4BF5-B050-F1F780425DC6}"
EndProject
Project("{FAE04EC0-301F-11D3-BF4B-00C04F79EFBC}") = "GrowDT.UnitTests", "GrowDT.UnitTests\GrowDT.UnitTests.csproj", "{D542FECB-6AB3-42E4-A90A-FCECD4CD946F}"
EndProject
Project("{2150E333-8FDC-42A3-9474-1A3956D46DE8}") = "3.UnitTest", "3.UnitTest", "{FC0138F3-8C46-43DC-9F2B-BE86AADFB027}"
EndProject
Project("{2150E333-8FDC-42A3-9474-1A3956D46DE8}") = "2.Business", "2.Business", "{42DC7B1E-5751-4802-9CF8-506C059F4C32}"
EndProject
Project("{FAE04EC0-301F-11D3-BF4B-00C04F79EFBC}") = "GrowDT.MvcApplication", "GrowDT.MvcApplication\GrowDT.MvcApplication.csproj", "{B16D50EA-862B-4D9F-9A66-5459D16C1826}"
EndProject
Project("{FAE04EC0-301F-11D3-BF4B-00C04F79EFBC}") = "GrowDT.MemoryDb", "GrowDT.MemoryDb\GrowDT.MemoryDb.csproj", "{C4A36CBA-A072-44EA-BC13-6CF490FE6676}"
EndProject
Global
	GlobalSection(SolutionConfigurationPlatforms) = preSolution
		Debug|Any CPU = Debug|Any CPU
		Release|Any CPU = Release|Any CPU
	EndGlobalSection
	GlobalSection(ProjectConfigurationPlatforms) = postSolution
		{68C19E2E-7199-498F-8709-BDAEBFADB7EE}.Debug|Any CPU.ActiveCfg = Debug|Any CPU
		{68C19E2E-7199-498F-8709-BDAEBFADB7EE}.Debug|Any CPU.Build.0 = Debug|Any CPU
		{68C19E2E-7199-498F-8709-BDAEBFADB7EE}.Release|Any CPU.ActiveCfg = Release|Any CPU
		{68C19E2E-7199-498F-8709-BDAEBFADB7EE}.Release|Any CPU.Build.0 = Release|Any CPU
		{2F7AE001-D45F-4643-A782-206D7E37A8FE}.Debug|Any CPU.ActiveCfg = Debug|Any CPU
		{2F7AE001-D45F-4643-A782-206D7E37A8FE}.Debug|Any CPU.Build.0 = Debug|Any CPU
		{2F7AE001-D45F-4643-A782-206D7E37A8FE}.Release|Any CPU.ActiveCfg = Release|Any CPU
		{2F7AE001-D45F-4643-A782-206D7E37A8FE}.Release|Any CPU.Build.0 = Release|Any CPU
		{9BAA4AC5-A708-42E1-B48A-4F6775634092}.Debug|Any CPU.ActiveCfg = Debug|Any CPU
		{9BAA4AC5-A708-42E1-B48A-4F6775634092}.Debug|Any CPU.Build.0 = Debug|Any CPU
		{9BAA4AC5-A708-42E1-B48A-4F6775634092}.Release|Any CPU.ActiveCfg = Release|Any CPU
		{9BAA4AC5-A708-42E1-B48A-4F6775634092}.Release|Any CPU.Build.0 = Release|Any CPU
		{A8B73D82-F5C4-43F0-9543-466B0D3D91E7}.Debug|Any CPU.ActiveCfg = Debug|Any CPU
		{A8B73D82-F5C4-43F0-9543-466B0D3D91E7}.Debug|Any CPU.Build.0 = Debug|Any CPU
		{A8B73D82-F5C4-43F0-9543-466B0D3D91E7}.Release|Any CPU.ActiveCfg = Release|Any CPU
		{A8B73D82-F5C4-43F0-9543-466B0D3D91E7}.Release|Any CPU.Build.0 = Release|Any CPU
		{D50D0EC1-9B7F-4D61-9A76-6D8D112AF6E6}.Debug|Any CPU.ActiveCfg = Debug|Any CPU
		{D50D0EC1-9B7F-4D61-9A76-6D8D112AF6E6}.Debug|Any CPU.Build.0 = Debug|Any CPU
		{D50D0EC1-9B7F-4D61-9A76-6D8D112AF6E6}.Release|Any CPU.ActiveCfg = Release|Any CPU
		{D50D0EC1-9B7F-4D61-9A76-6D8D112AF6E6}.Release|Any CPU.Build.0 = Release|Any CPU
		{3283BAB7-78AD-49C3-8793-D4F95FF322D0}.Debug|Any CPU.ActiveCfg = Debug|Any CPU
		{3283BAB7-78AD-49C3-8793-D4F95FF322D0}.Debug|Any CPU.Build.0 = Debug|Any CPU
		{3283BAB7-78AD-49C3-8793-D4F95FF322D0}.Release|Any CPU.ActiveCfg = Release|Any CPU
		{3283BAB7-78AD-49C3-8793-D4F95FF322D0}.Release|Any CPU.Build.0 = Release|Any CPU
		{AA69D186-C0A0-4BF5-B050-F1F780425DC6}.Debug|Any CPU.ActiveCfg = Debug|Any CPU
		{AA69D186-C0A0-4BF5-B050-F1F780425DC6}.Debug|Any CPU.Build.0 = Debug|Any CPU
		{AA69D186-C0A0-4BF5-B050-F1F780425DC6}.Release|Any CPU.ActiveCfg = Release|Any CPU
		{AA69D186-C0A0-4BF5-B050-F1F780425DC6}.Release|Any CPU.Build.0 = Release|Any CPU
		{D542FECB-6AB3-42E4-A90A-FCECD4CD946F}.Debug|Any CPU.ActiveCfg = Debug|Any CPU
		{D542FECB-6AB3-42E4-A90A-FCECD4CD946F}.Debug|Any CPU.Build.0 = Debug|Any CPU
		{D542FECB-6AB3-42E4-A90A-FCECD4CD946F}.Release|Any CPU.ActiveCfg = Release|Any CPU
		{D542FECB-6AB3-42E4-A90A-FCECD4CD946F}.Release|Any CPU.Build.0 = Release|Any CPU
		{B16D50EA-862B-4D9F-9A66-5459D16C1826}.Debug|Any CPU.ActiveCfg = Debug|Any CPU
		{B16D50EA-862B-4D9F-9A66-5459D16C1826}.Debug|Any CPU.Build.0 = Debug|Any CPU
		{B16D50EA-862B-4D9F-9A66-5459D16C1826}.Release|Any CPU.ActiveCfg = Release|Any CPU
		{B16D50EA-862B-4D9F-9A66-5459D16C1826}.Release|Any CPU.Build.0 = Release|Any CPU
		{C4A36CBA-A072-44EA-BC13-6CF490FE6676}.Debug|Any CPU.ActiveCfg = Debug|Any CPU
		{C4A36CBA-A072-44EA-BC13-6CF490FE6676}.Debug|Any CPU.Build.0 = Debug|Any CPU
		{C4A36CBA-A072-44EA-BC13-6CF490FE6676}.Release|Any CPU.ActiveCfg = Release|Any CPU
		{C4A36CBA-A072-44EA-BC13-6CF490FE6676}.Release|Any CPU.Build.0 = Release|Any CPU
	EndGlobalSection
	GlobalSection(SolutionProperties) = preSolution
		HideSolutionNode = FALSE
	EndGlobalSection
	GlobalSection(NestedProjects) = preSolution
		{2F7AE001-D45F-4643-A782-206D7E37A8FE} = {087DF7C1-7BE1-4C6C-AD15-1DBC40F3CCEB}
		{9BAA4AC5-A708-42E1-B48A-4F6775634092} = {087DF7C1-7BE1-4C6C-AD15-1DBC40F3CCEB}
		{A8B73D82-F5C4-43F0-9543-466B0D3D91E7} = {087DF7C1-7BE1-4C6C-AD15-1DBC40F3CCEB}
		{68C19E2E-7199-498F-8709-BDAEBFADB7EE} = {087DF7C1-7BE1-4C6C-AD15-1DBC40F3CCEB}
		{C4A36CBA-A072-44EA-BC13-6CF490FE6676} = {087DF7C1-7BE1-4C6C-AD15-1DBC40F3CCEB}
		{3283BAB7-78AD-49C3-8793-D4F95FF322D0} = {42DC7B1E-5751-4802-9CF8-506C059F4C32}
		{AA69D186-C0A0-4BF5-B050-F1F780425DC6} = {42DC7B1E-5751-4802-9CF8-506C059F4C32}
		{D50D0EC1-9B7F-4D61-9A76-6D8D112AF6E6} = {42DC7B1E-5751-4802-9CF8-506C059F4C32}
		{B16D50EA-862B-4D9F-9A66-5459D16C1826} = {42DC7B1E-5751-4802-9CF8-506C059F4C32}
		{D542FECB-6AB3-42E4-A90A-FCECD4CD946F} = {FC0138F3-8C46-43DC-9F2B-BE86AADFB027}
	EndGlobalSection
EndGlobal
